{
  "lockfile_version": "1",
  "packages": {
    "github:NixOS/nixpkgs/nixpkgs-unstable": {
      "last_modified": "2026-09-02T18:03:51Z",
      "resolved": "github:NixOS/nixpkgs/9387b3fcc0c23c86661636da63faabad4235a0a6?lastModified=1788372231&narHash=sha256-7aqErvrAEz%2F5OcPA5p3M%2BtVOqeYc4oJXkNIPXfCqxAw%3D"
    },
    "nodejs@latest": {
      "last_modified": "2026-08-27T23:47:58Z",
      "plugin_version": "0.0.4",
      "resolved": "github:NixOS/nixpkgs/7d1a7c21a4c00ea653fc7ed5c083d261340f185f#nodejs_26",
      "source": "devbox-search",
      "version": "26.8.1",
      "systems": {
        "aarch64-darwin": {
          "outputs": [
            {
              "name": "out",
              "path": "/nix/store/szf4xdpd4znb3hzprlyivq6nd507hyas-nodejs-26.8.1",
              "default": true
            }
          ],
          "store_path": "/nix/store/szf4xdpd4znb3hzprlyivq6nd507hyas-nodejs-26.8.1"
        },
        "aarch64-linux": {
          "outputs": [
            {
              "name": "out",
              "path": "/nix/store/s3azam32y3bmwd6b2zynqqg9yv99lnam-nodejs-26.8.1",
              "default": true
            }
          ],
          "store_path": "/nix/store/s3azam32y3bmwd6b2zynqqg9yv99lnam-nodejs-26.8.1"
        },
        "x86_64-linux": {
          "outputs": [
            {
              "name": "out",
              "path": "/nix/store/ymlp5q9l64224b9jqpqwp298bgbjv7p9-nodejs-26.8.1",
              "default": true
            }
          ],
          "store_path": "/nix/store/ymlp5q9l64224b9jqpqwp298bgbjv7p9-nodejs-26.8.1"
        }
      }
    }
  }
}
