{
  "lockfile_version": "1",
  "packages": {
    "github:NixOS/nixpkgs/nixpkgs-unstable": {
      "last_modified": "2026-07-17T09:58:13Z",
      "resolved": "github:NixOS/nixpkgs/a47c123a609287a012dfc44d281de2dd4ed13394?lastModified=1784282293&narHash=sha256-IpX7tmVJi9seHg5M4Wuexy78bQDlbntVk1HcT9kFts4%3D"
    },
    "nodejs@latest": {
      "last_modified": "2026-07-08T21:13:06Z",
      "plugin_version": "0.0.4",
      "resolved": "github:NixOS/nixpkgs/389ed85304b281ca7f306cf8a1eb4378651ca44e#nodejs_26",
      "source": "devbox-search",
      "version": "26.5.0",
      "systems": {
        "aarch64-darwin": {
          "outputs": [
            {
              "name": "out",
              "path": "/nix/store/vnacgx48dihv7zhp74y2vw03wm11dmnc-nodejs-26.5.0",
              "default": true
            }
          ],
          "store_path": "/nix/store/vnacgx48dihv7zhp74y2vw03wm11dmnc-nodejs-26.5.0"
        },
        "aarch64-linux": {
          "outputs": [
            {
              "name": "out",
              "path": "/nix/store/rqpalddlzxfswkgk53619pndhkyksy05-nodejs-26.5.0",
              "default": true
            }
          ],
          "store_path": "/nix/store/rqpalddlzxfswkgk53619pndhkyksy05-nodejs-26.5.0"
        },
        "x86_64-linux": {
          "outputs": [
            {
              "name": "out",
              "path": "/nix/store/mm91li4ins9bmz8155drxb3iqx9gd72z-nodejs-26.5.0",
              "default": true
            }
          ],
          "store_path": "/nix/store/mm91li4ins9bmz8155drxb3iqx9gd72z-nodejs-26.5.0"
        }
      }
    }
  }
}
